
Microsoft Visual Studio Solution File, Format Version 12.00
# Visual Studio Version 17
VisualStudioVersion = 17.0.31903.59
MinimumVisualStudioVersion = 10.0.40219.1
Project("{2150E333-8FDC-42A3-9474-1A3956D46DE8}") = "src", "src", "{827E0CD3-B72D-47B6-A68D-7590B98EB39B}"
EndProject
Project("{FAE04EC0-301F-11D3-BF4B-00C04F79EFBC}") = "ChartPilot.Core", "src\ChartPilot.Core\ChartPilot.Core.csproj", "{E2CFC8BE-A956-43D5-8FD5-16FD004A2203}"
EndProject
Project("{FAE04EC0-301F-11D3-BF4B-00C04F79EFBC}") = "ChartPilot.Helm", "src\ChartPilot.Helm\ChartPilot.Helm.csproj", "{FFF87A92-7BA8-4382-910F-402EABCBC769}"
EndProject
Project("{FAE04EC0-301F-11D3-BF4B-00C04F79EFBC}") = "ChartPilot.Api", "src\ChartPilot.Api\ChartPilot.Api.csproj", "{C29E56BD-C800-4F76-B5E0-00B12B533869}"
EndProject
Project("{FAE04EC0-301F-11D3-BF4B-00C04F79EFBC}") = "ChartPilot.Cli", "src\ChartPilot.Cli\ChartPilot.Cli.csproj", "{1C6CA3E3-3C01-4518-B21E-6BCE2BBF3975}"
EndProject
Project("{2150E333-8FDC-42A3-9474-1A3956D46DE8}") = "tests", "tests", "{0AB3BF05-4346-4AA6-1389-037BE0695223}"
EndProject
Project("{FAE04EC0-301F-11D3-BF4B-00C04F79EFBC}") = "ChartPilot.Core.Tests", "tests\ChartPilot.Core.Tests\ChartPilot.Core.Tests.csproj", "{41FA1938-02BC-4235-9949-6BC90F103E61}"
EndProject
Project("{FAE04EC0-301F-11D3-BF4B-00C04F79EFBC}") = "ChartPilot.Helm.Tests", "tests\ChartPilot.Helm.Tests\ChartPilot.Helm.Tests.csproj", "{AA005AA5-1A6D-497A-BDD6-4484D369F21F}"
EndProject
Project("{FAE04EC0-301F-11D3-BF4B-00C04F79EFBC}") = "ChartPilot.Api.Tests", "tests\ChartPilot.Api.Tests\ChartPilot.Api.Tests.csproj", "{49ABE17C-4510-46CE-8D37-C236BF685A4A}"
EndProject
Global
	GlobalSection(SolutionConfigurationPlatforms) = preSolution
		Debug|Any CPU = Debug|Any CPU
		Debug|x64 = Debug|x64
		Debug|x86 = Debug|x86
		Release|Any CPU = Release|Any CPU
		Release|x64 = Release|x64
		Release|x86 = Release|x86
	EndGlobalSection
	GlobalSection(ProjectConfigurationPlatforms) = postSolution
		{E2CFC8BE-A956-43D5-8FD5-16FD004A2203}.Debug|Any CPU.ActiveCfg = Debug|Any CPU
		{E2CFC8BE-A956-43D5-8FD5-16FD004A2203}.Debug|Any CPU.Build.0 = Debug|Any CPU
		{E2CFC8BE-A956-43D5-8FD5-16FD004A2203}.Debug|x64.ActiveCfg = Debug|Any CPU
		{E2CFC8BE-A956-43D5-8FD5-16FD004A2203}.Debug|x64.Build.0 = Debug|Any CPU
		{E2CFC8BE-A956-43D5-8FD5-16FD004A2203}.Debug|x86.ActiveCfg = Debug|Any CPU
		{E2CFC8BE-A956-43D5-8FD5-16FD004A2203}.Debug|x86.Build.0 = Debug|Any CPU
		{E2CFC8BE-A956-43D5-8FD5-16FD004A2203}.Release|Any CPU.ActiveCfg = Release|Any CPU
		{E2CFC8BE-A956-43D5-8FD5-16FD004A2203}.Release|Any CPU.Build.0 = Release|Any CPU
		{E2CFC8BE-A956-43D5-8FD5-16FD004A2203}.Release|x64.ActiveCfg = Release|Any CPU
		{E2CFC8BE-A956-43D5-8FD5-16FD004A2203}.Release|x64.Build.0 = Release|Any CPU
		{E2CFC8BE-A956-43D5-8FD5-16FD004A2203}.Release|x86.ActiveCfg = Release|Any CPU
		{E2CFC8BE-A956-43D5-8FD5-16FD004A2203}.Release|x86.Build.0 = Release|Any CPU
		{FFF87A92-7BA8-4382-910F-402EABCBC769}.Debug|Any CPU.ActiveCfg = Debug|Any CPU
		{FFF87A92-7BA8-4382-910F-402EABCBC769}.Debug|Any CPU.Build.0 = Debug|Any CPU
		{FFF87A92-7BA8-4382-910F-402EABCBC769}.Debug|x64.ActiveCfg = Debug|Any CPU
		{FFF87A92-7BA8-4382-910F-402EABCBC769}.Debug|x64.Build.0 = Debug|Any CPU
		{FFF87A92-7BA8-4382-910F-402EABCBC769}.Debug|x86.ActiveCfg = Debug|Any CPU
		{FFF87A92-7BA8-4382-910F-402EABCBC769}.Debug|x86.Build.0 = Debug|Any CPU
		{FFF87A92-7BA8-4382-910F-402EABCBC769}.Release|Any CPU.ActiveCfg = Release|Any CPU
		{FFF87A92-7BA8-4382-910F-402EABCBC769}.Release|Any CPU.Build.0 = Release|Any CPU
		{FFF87A92-7BA8-4382-910F-402EABCBC769}.Release|x64.ActiveCfg = Release|Any CPU
		{FFF87A92-7BA8-4382-910F-402EABCBC769}.Release|x64.Build.0 = Release|Any CPU
		{FFF87A92-7BA8-4382-910F-402EABCBC769}.Release|x86.ActiveCfg = Release|Any CPU
		{FFF87A92-7BA8-4382-910F-402EABCBC769}.Release|x86.Build.0 = Release|Any CPU
		{C29E56BD-C800-4F76-B5E0-00B12B533869}.Debug|Any CPU.ActiveCfg = Debug|Any CPU
		{C29E56BD-C800-4F76-B5E0-00B12B533869}.Debug|Any CPU.Build.0 = Debug|Any CPU
		{C29E56BD-C800-4F76-B5E0-00B12B533869}.Debug|x64.ActiveCfg = Debug|Any CPU
		{C29E56BD-C800-4F76-B5E0-00B12B533869}.Debug|x64.Build.0 = Debug|Any CPU
		{C29E56BD-C800-4F76-B5E0-00B12B533869}.Debug|x86.ActiveCfg = Debug|Any CPU
		{C29E56BD-C800-4F76-B5E0-00B12B533869}.Debug|x86.Build.0 = Debug|Any CPU
		{C29E56BD-C800-4F76-B5E0-00B12B533869}.Release|Any CPU.ActiveCfg = Release|Any CPU
		{C29E56BD-C800-4F76-B5E0-00B12B533869}.Release|Any CPU.Build.0 = Release|Any CPU
		{C29E56BD-C800-4F76-B5E0-00B12B533869}.Release|x64.ActiveCfg = Release|Any CPU
		{C29E56BD-C800-4F76-B5E0-00B12B533869}.Release|x64.Build.0 = Release|Any CPU
		{C29E56BD-C800-4F76-B5E0-00B12B533869}.Release|x86.ActiveCfg = Release|Any CPU
		{C29E56BD-C800-4F76-B5E0-00B12B533869}.Release|x86.Build.0 = Release|Any CPU
		{1C6CA3E3-3C01-4518-B21E-6BCE2BBF3975}.Debug|Any CPU.ActiveCfg = Debug|Any CPU
		{1C6CA3E3-3C01-4518-B21E-6BCE2BBF3975}.Debug|Any CPU.Build.0 = Debug|Any CPU
		{1C6CA3E3-3C01-4518-B21E-6BCE2BBF3975}.Debug|x64.ActiveCfg = Debug|Any CPU
		{1C6CA3E3-3C01-4518-B21E-6BCE2BBF3975}.Debug|x64.Build.0 = Debug|Any CPU
		{1C6CA3E3-3C01-4518-B21E-6BCE2BBF3975}.Debug|x86.ActiveCfg = Debug|Any CPU
		{1C6CA3E3-3C01-4518-B21E-6BCE2BBF3975}.Debug|x86.Build.0 = Debug|Any CPU
		{1C6CA3E3-3C01-4518-B21E-6BCE2BBF3975}.Release|Any CPU.ActiveCfg = Release|Any CPU
		{1C6CA3E3-3C01-4518-B21E-6BCE2BBF3975}.Release|Any CPU.Build.0 = Release|Any CPU
		{1C6CA3E3-3C01-4518-B21E-6BCE2BBF3975}.Release|x64.ActiveCfg = Release|Any CPU
		{1C6CA3E3-3C01-4518-B21E-6BCE2BBF3975}.Release|x64.Build.0 = Release|Any CPU
		{1C6CA3E3-3C01-4518-B21E-6BCE2BBF3975}.Release|x86.ActiveCfg = Release|Any CPU
		{1C6CA3E3-3C01-4518-B21E-6BCE2BBF3975}.Release|x86.Build.0 = Release|Any CPU
		{41FA1938-02BC-4235-9949-6BC90F103E61}.Debug|Any CPU.ActiveCfg = Debug|Any CPU
		{41FA1938-02BC-4235-9949-6BC90F103E61}.Debug|Any CPU.Build.0 = Debug|Any CPU
		{41FA1938-02BC-4235-9949-6BC90F103E61}.Debug|x64.ActiveCfg = Debug|Any CPU
		{41FA1938-02BC-4235-9949-6BC90F103E61}.Debug|x64.Build.0 = Debug|Any CPU
		{41FA1938-02BC-4235-9949-6BC90F103E61}.Debug|x86.ActiveCfg = Debug|Any CPU
		{41FA1938-02BC-4235-9949-6BC90F103E61}.Debug|x86.Build.0 = Debug|Any CPU
		{41FA1938-02BC-4235-9949-6BC90F103E61}.Release|Any CPU.ActiveCfg = Release|Any CPU
		{41FA1938-02BC-4235-9949-6BC90F103E61}.Release|Any CPU.Build.0 = Release|Any CPU
		{41FA1938-02BC-4235-9949-6BC90F103E61}.Release|x64.ActiveCfg = Release|Any CPU
		{41FA1938-02BC-4235-9949-6BC90F103E61}.Release|x64.Build.0 = Release|Any CPU
		{41FA1938-02BC-4235-9949-6BC90F103E61}.Release|x86.ActiveCfg = Release|Any CPU
		{41FA1938-02BC-4235-9949-6BC90F103E61}.Release|x86.Build.0 = Release|Any CPU
		{AA005AA5-1A6D-497A-BDD6-4484D369F21F}.Debug|Any CPU.ActiveCfg = Debug|Any CPU
		{AA005AA5-1A6D-497A-BDD6-4484D369F21F}.Debug|Any CPU.Build.0 = Debug|Any CPU
		{AA005AA5-1A6D-497A-BDD6-4484D369F21F}.Debug|x64.ActiveCfg = Debug|Any CPU
		{AA005AA5-1A6D-497A-BDD6-4484D369F21F}.Debug|x64.Build.0 = Debug|Any CPU
		{AA005AA5-1A6D-497A-BDD6-4484D369F21F}.Debug|x86.ActiveCfg = Debug|Any CPU
		{AA005AA5-1A6D-497A-BDD6-4484D369F21F}.Debug|x86.Build.0 = Debug|Any CPU
		{AA005AA5-1A6D-497A-BDD6-4484D369F21F}.Release|Any CPU.ActiveCfg = Release|Any CPU
		{AA005AA5-1A6D-497A-BDD6-4484D369F21F}.Release|Any CPU.Build.0 = Release|Any CPU
		{AA005AA5-1A6D-497A-BDD6-4484D369F21F}.Release|x64.ActiveCfg = Release|Any CPU
		{AA005AA5-1A6D-497A-BDD6-4484D369F21F}.Release|x64.Build.0 = Release|Any CPU
		{AA005AA5-1A6D-497A-BDD6-4484D369F21F}.Release|x86.ActiveCfg = Release|Any CPU
		{AA005AA5-1A6D-497A-BDD6-4484D369F21F}.Release|x86.Build.0 = Release|Any CPU
		{49ABE17C-4510-46CE-8D37-C236BF685A4A}.Debug|Any CPU.ActiveCfg = Debug|Any CPU
		{49ABE17C-4510-46CE-8D37-C236BF685A4A}.Debug|Any CPU.Build.0 = Debug|Any CPU
		{49ABE17C-4510-46CE-8D37-C236BF685A4A}.Debug|x64.ActiveCfg = Debug|Any CPU
		{49ABE17C-4510-46CE-8D37-C236BF685A4A}.Debug|x64.Build.0 = Debug|Any CPU
		{49ABE17C-4510-46CE-8D37-C236BF685A4A}.Debug|x86.ActiveCfg = Debug|Any CPU
		{49ABE17C-4510-46CE-8D37-C236BF685A4A}.Debug|x86.Build.0 = Debug|Any CPU
		{49ABE17C-4510-46CE-8D37-C236BF685A4A}.Release|Any CPU.ActiveCfg = Release|Any CPU
		{49ABE17C-4510-46CE-8D37-C236BF685A4A}.Release|Any CPU.Build.0 = Release|Any CPU
		{49ABE17C-4510-46CE-8D37-C236BF685A4A}.Release|x64.ActiveCfg = Release|Any CPU
		{49ABE17C-4510-46CE-8D37-C236BF685A4A}.Release|x64.Build.0 = Release|Any CPU
		{49ABE17C-4510-46CE-8D37-C236BF685A4A}.Release|x86.ActiveCfg = Release|Any CPU
		{49ABE17C-4510-46CE-8D37-C236BF685A4A}.Release|x86.Build.0 = Release|Any CPU
	EndGlobalSection
	GlobalSection(SolutionProperties) = preSolution
		HideSolutionNode = FALSE
	EndGlobalSection
	GlobalSection(NestedProjects) = preSolution
		{E2CFC8BE-A956-43D5-8FD5-16FD004A2203} = {827E0CD3-B72D-47B6-A68D-7590B98EB39B}
		{FFF87A92-7BA8-4382-910F-402EABCBC769} = {827E0CD3-B72D-47B6-A68D-7590B98EB39B}
		{C29E56BD-C800-4F76-B5E0-00B12B533869} = {827E0CD3-B72D-47B6-A68D-7590B98EB39B}
		{1C6CA3E3-3C01-4518-B21E-6BCE2BBF3975} = {827E0CD3-B72D-47B6-A68D-7590B98EB39B}
		{41FA1938-02BC-4235-9949-6BC90F103E61} = {0AB3BF05-4346-4AA6-1389-037BE0695223}
		{AA005AA5-1A6D-497A-BDD6-4484D369F21F} = {0AB3BF05-4346-4AA6-1389-037BE0695223}
		{49ABE17C-4510-46CE-8D37-C236BF685A4A} = {0AB3BF05-4346-4AA6-1389-037BE0695223}
	EndGlobalSection
EndGlobal
